
Microsoft Visual Studio Solution File, Format Version 12.00
# Visual Studio Version 16
VisualStudioVersion = 16.0.31727.386
MinimumVisualStudioVersion = 10.0.40219.1
Project("{FAE04EC0-301F-11D3-BF4B-00C04F79EFBC}") = "ForumAssignment", "ForumAssignment.csproj", "{5A8DA913-10DE-4B20-BE33-48BA369B299E}"
EndProject
Global
	GlobalSection(SolutionConfigurationPlatforms) = preSolution
		Debug|Any CPU = Debug|Any CPU
		Release|Any CPU = Release|Any CPU
	EndGlobalSection
	GlobalSection(ProjectConfigurationPlatforms) = postSolution
		{5A8DA913-10DE-4B20-BE33-48BA369B299E}.Debug|Any CPU.ActiveCfg = Debug|Any CPU
		{5A8DA913-10DE-4B20-BE33-48BA369B299E}.Debug|Any CPU.Build.0 = Debug|Any CPU
		{5A8DA913-10DE-4B20-BE33-48BA369B299E}.Release|Any CPU.ActiveCfg = Release|Any CPU
		{5A8DA913-10DE-4B20-BE33-48BA369B299E}.Release|Any CPU.Build.0 = Release|Any CPU
	EndGlobalSection
	GlobalSection(SolutionProperties) = preSolution
		HideSolutionNode = FALSE
	EndGlobalSection
	GlobalSection(ExtensibilityGlobals) = postSolution
		SolutionGuid = {7A8E84AE-80B7-41F0-BAFB-70FB82D5F144}
	EndGlobalSection
EndGlobal
